
Microsoft Visual Studio Solution File, Format Version 12.00
# Visual Studio Version 16
VisualStudioVersion = 16.0.30717.126
MinimumVisualStudioVersion = 10.0.40219.1
Project("{FAE04EC0-301F-11D3-BF4B-00C04F79EFBC}") = "MyFirstConsoleApp", "MyFirstConsoleApp\MyFirstConsoleApp.csproj", "{2CAADBFF-6CED-4025-B430-BD0A660F5724}"
EndProject
Global
	GlobalSection(SolutionConfigurationPlatforms) = preSolution
		Debug|Any CPU = Debug|Any CPU
		Release|Any CPU = Release|Any CPU
	EndGlobalSection
	GlobalSection(ProjectConfigurationPlatforms) = postSolution
		{2CAADBFF-6CED-4025-B430-BD0A660F5724}.Debug|Any CPU.ActiveCfg = Debug|Any CPU
		{2CAADBFF-6CED-4025-B430-BD0A660F5724}.Debug|Any CPU.Build.0 = Debug|Any CPU
		{2CAADBFF-6CED-4025-B430-BD0A660F5724}.Release|Any CPU.ActiveCfg = Release|Any CPU
		{2CAADBFF-6CED-4025-B430-BD0A660F5724}.Release|Any CPU.Build.0 = Release|Any CPU
	EndGlobalSection
	GlobalSection(SolutionProperties) = preSolution
		HideSolutionNode = FALSE
	EndGlobalSection
	GlobalSection(ExtensibilityGlobals) = postSolution
		SolutionGuid = {300CAB51-D6D2-4729-A9ED-217A1BC100AE}
	EndGlobalSection
EndGlobal
